
Microsoft Visual Studio Solution File, Format Version 12.00
# Visual Studio Version 16
VisualStudioVersion = 16.0.30309.148
MinimumVisualStudioVersion = 10.0.40219.1
Project("{FAE04EC0-301F-11D3-BF4B-00C04F79EFBC}") = "WFAlumnoSinBD", "WFAlumnoSinBD\WFAlumnoSinBD.csproj", "{EECEBF84-2D35-4648-B775-6D89BB24AE3A}"
EndProject
Global
	GlobalSection(SolutionConfigurationPlatforms) = preSolution
		Debug|Any CPU = Debug|Any CPU
		Release|Any CPU = Release|Any CPU
	EndGlobalSection
	GlobalSection(ProjectConfigurationPlatforms) = postSolution
		{EECEBF84-2D35-4648-B775-6D89BB24AE3A}.Debug|Any CPU.ActiveCfg = Debug|Any CPU
		{EECEBF84-2D35-4648-B775-6D89BB24AE3A}.Debug|Any CPU.Build.0 = Debug|Any CPU
		{EECEBF84-2D35-4648-B775-6D89BB24AE3A}.Release|Any CPU.ActiveCfg = Release|Any CPU
		{EECEBF84-2D35-4648-B775-6D89BB24AE3A}.Release|Any CPU.Build.0 = Release|Any CPU
	EndGlobalSection
	GlobalSection(SolutionProperties) = preSolution
		HideSolutionNode = FALSE
	EndGlobalSection
	GlobalSection(ExtensibilityGlobals) = postSolution
		SolutionGuid = {6E5E27E4-B3D3-45AC-AB47-8A5FB53A4706}
	EndGlobalSection
EndGlobal
